
Microsoft Visual Studio Solution File, Format Version 12.00
# Visual Studio Version 16
VisualStudioVersion = 16.0.33927.289
MinimumVisualStudioVersion = 10.0.40219.1
Project("{FAE04EC0-301F-11D3-BF4B-00C04F79EFBC}") = "Tyuiu.KoevaSJ.Sprint4.Task0.V20", "Tyuiu.KoevaSJ.Sprint4.Task0.V20\Tyuiu.KoevaSJ.Sprint4.Task0.V20.csproj", "{98748C41-502B-47FC-B695-44B85894E9DE}"
EndProject
Project("{FAE04EC0-301F-11D3-BF4B-00C04F79EFBC}") = "Tyuiu.KoevaSJ.Sprint4.Task0.V20.Lib", "Tyuiu.KoevaSJ.Sprint4.Task0.V20.Lib\Tyuiu.KoevaSJ.Sprint4.Task0.V20.Lib.csproj", "{4BDD9F48-7F87-40D8-9524-DDBE941BEA47}"
EndProject
Project("{FAE04EC0-301F-11D3-BF4B-00C04F79EFBC}") = "Tyuiu.KoevaSJ.Sprint4.Task0.V20.Test", "Tyuiu.KoevaSJ.Sprint4.Task0.V20.Test\Tyuiu.KoevaSJ.Sprint4.Task0.V20.Test.csproj", "{8C96EEEA-4C69-4E7C-AB46-5E5DCE914BB3}"
EndProject
Project("{2150E333-8FDC-42A3-9474-1A3956D46DE8}") = "Task1", "Task1", "{3DAFFAED-98F3-4DCD-A515-34422F31DA66}"
EndProject
Project("{FAE04EC0-301F-11D3-BF4B-00C04F79EFBC}") = "Tyuiu.KoevaSJ.Sprint4.Task1.V6", "Tyuiu.KoevaSJ.Sprint4.Task1.V6\Tyuiu.KoevaSJ.Sprint4.Task1.V6.csproj", "{330EA245-CA1C-487A-9AD4-2BB84382E182}"
EndProject
Project("{FAE04EC0-301F-11D3-BF4B-00C04F79EFBC}") = "Tyuiu.KoevaSJ.Sprint4.Task1.V6.Test", "Tyuiu.KoevaSJ.Sprint4.Task1.V6.Test\Tyuiu.KoevaSJ.Sprint4.Task1.V6.Test.csproj", "{BBA6FFA5-231C-481E-ADAC-84C843936479}"
EndProject
Project("{FAE04EC0-301F-11D3-BF4B-00C04F79EFBC}") = "Tyuiu.KoevaSJ.Sprint4.Task1.V6.Lib", "Tyuiu.KoevaSJ.Sprint4.Task1.V6.Lib\Tyuiu.KoevaSJ.Sprint4.Task1.V6.Lib.csproj", "{7B0BCB26-EDAB-429F-9FBE-DCC994C3819E}"
EndProject
Project("{2150E333-8FDC-42A3-9474-1A3956D46DE8}") = "Task2", "Task2", "{4E3CC90D-A59F-4675-9A2D-371319C679F2}"
EndProject
Project("{FAE04EC0-301F-11D3-BF4B-00C04F79EFBC}") = "Tyuiu.KoevaSJ.Sprint4.Task2.V11", "Tyuiu.KoevaSJ.Sprint4.Task2.V11\Tyuiu.KoevaSJ.Sprint4.Task2.V11.csproj", "{E4716856-4B51-4E53-95CF-9563AF104A5B}"
EndProject
Project("{FAE04EC0-301F-11D3-BF4B-00C04F79EFBC}") = "Tyuiu.KoevaSJ.Sprint4.Task2.V11.Lib", "Tyuiu.KoevaSJ.Sprint4.Task2.V11.Lib\Tyuiu.KoevaSJ.Sprint4.Task2.V11.Lib.csproj", "{BC085CE7-3439-4697-9263-EDF0A68F3070}"
EndProject
Project("{FAE04EC0-301F-11D3-BF4B-00C04F79EFBC}") = "Tyuiu.KoevaSJ.Sprint4.Task2.V11.Test", "Tyuiu.KoevaSJ.Sprint4.Task2.V11.Test\Tyuiu.KoevaSJ.Sprint4.Task2.V11.Test.csproj", "{D00CD1BA-29A3-4301-A312-4D1C0CB8D3B4}"
EndProject
Project("{2150E333-8FDC-42A3-9474-1A3956D46DE8}") = "Task3", "Task3", "{93C37FB7-97FC-4248-8E24-13C380BFF2AC}"
EndProject
Project("{FAE04EC0-301F-11D3-BF4B-00C04F79EFBC}") = "Tyuiu.KoevaSJ.Sprint4.Task3.V2", "Tyuiu.KoevaSJ.Sprint4.Task3.V2\Tyuiu.KoevaSJ.Sprint4.Task3.V2.csproj", "{47F82600-DF12-4FBA-9870-7A50E511DD2A}"
EndProject
Project("{FAE04EC0-301F-11D3-BF4B-00C04F79EFBC}") = "Tyuiu.KoevaSJ.Sprint4.Task3.V2.Test", "Tyuiu.KoevaSJ.Sprint4.Task3.V2.Test\Tyuiu.KoevaSJ.Sprint4.Task3.V2.Test.csproj", "{54D785C6-2754-47B9-A5D3-C105E3A265E8}"
EndProject
Project("{FAE04EC0-301F-11D3-BF4B-00C04F79EFBC}") = "Tyuiu.KoevaSJ.Sprint4.Task3.V2.Lib", "Tyuiu.KoevaSJ.Sprint4.Task3.V2.Lib\Tyuiu.KoevaSJ.Sprint4.Task3.V2.Lib.csproj", "{12E69854-3EB9-4E3E-8EEA-E26473495C92}"
EndProject
Project("{2150E333-8FDC-42A3-9474-1A3956D46DE8}") = "Task4", "Task4", "{097310EA-D31D-4740-AB33-9B1936B894E6}"
EndProject
Project("{FAE04EC0-301F-11D3-BF4B-00C04F79EFBC}") = "Tyuiu.KoevaSJ.Sprint4.Task4.V3", "Tyuiu.KoevaSJ.Sprint4.Task4.V3\Tyuiu.KoevaSJ.Sprint4.Task4.V3.csproj", "{871A7143-490A-490F-A789-A8BFCCF182AA}"
EndProject
Project("{FAE04EC0-301F-11D3-BF4B-00C04F79EFBC}") = "Tyuiu.KoevaSJ.Sprint4.Task4.V3.Lib", "Tyuiu.KoevaSJ.Sprint4.Task4.V3.Lib\Tyuiu.KoevaSJ.Sprint4.Task4.V3.Lib.csproj", "{1AA5E5BE-AA8C-4748-9E83-9FF5B21ABDE5}"
EndProject
Project("{FAE04EC0-301F-11D3-BF4B-00C04F79EFBC}") = "Tyuiu.KoevaSJ.Sprint4.Task4.V3.Test", "Tyuiu.KoevaSJ.Sprint4.Task4.V3.Test\Tyuiu.KoevaSJ.Sprint4.Task4.V3.Test.csproj", "{204CE8C3-C209-4486-BFC4-8C6766C16FE9}"
EndProject
Project("{2150E333-8FDC-42A3-9474-1A3956D46DE8}") = "Task5", "Task5", "{0D1B47BF-9102-4D65-8946-7E76A156C7AE}"
EndProject
Project("{FAE04EC0-301F-11D3-BF4B-00C04F79EFBC}") = "Tyuiu.KoevaSJ.Sprint4.Task5.V26", "Tyuiu.KoevaSJ.Sprint4.Task5.V26\Tyuiu.KoevaSJ.Sprint4.Task5.V26.csproj", "{4346D7A1-8B68-4A4B-AA5B-62E67B9BE364}"
EndProject
Project("{FAE04EC0-301F-11D3-BF4B-00C04F79EFBC}") = "Tyuiu.KoevaSJ.Sprint4.Task5.V26.Test", "Tyuiu.KoevaSJ.Sprint4.Task5.V26.Test\Tyuiu.KoevaSJ.Sprint4.Task5.V26.Test.csproj", "{B7CD9B9D-795F-4961-A172-4AC83FFEEBD7}"
EndProject
Project("{FAE04EC0-301F-11D3-BF4B-00C04F79EFBC}") = "Tyuiu.KoevaSJ.Sprint4.Task5.V26.Lib", "Tyuiu.KoevaSJ.Sprint4.Task5.V26.Lib\Tyuiu.KoevaSJ.Sprint4.Task5.V26.Lib.csproj", "{E0868AE4-5B38-46D8-BA0C-5A4E6FFD30DB}"
EndProject
Global
	GlobalSection(SolutionConfigurationPlatforms) = preSolution
		Debug|Any CPU = Debug|Any CPU
		Release|Any CPU = Release|Any CPU
	EndGlobalSection
	GlobalSection(ProjectConfigurationPlatforms) = postSolution
		{98748C41-502B-47FC-B695-44B85894E9DE}.Debug|Any CPU.ActiveCfg = Debug|Any CPU
		{98748C41-502B-47FC-B695-44B85894E9DE}.Debug|Any CPU.Build.0 = Debug|Any CPU
		{98748C41-502B-47FC-B695-44B85894E9DE}.Release|Any CPU.ActiveCfg = Release|Any CPU
		{98748C41-502B-47FC-B695-44B85894E9DE}.Release|Any CPU.Build.0 = Release|Any CPU
		{4BDD9F48-7F87-40D8-9524-DDBE941BEA47}.Debug|Any CPU.ActiveCfg = Debug|Any CPU
		{4BDD9F48-7F87-40D8-9524-DDBE941BEA47}.Debug|Any CPU.Build.0 = Debug|Any CPU
		{4BDD9F48-7F87-40D8-9524-DDBE941BEA47}.Release|Any CPU.ActiveCfg = Release|Any CPU
		{4BDD9F48-7F87-40D8-9524-DDBE941BEA47}.Release|Any CPU.Build.0 = Release|Any CPU
		{8C96EEEA-4C69-4E7C-AB46-5E5DCE914BB3}.Debug|Any CPU.ActiveCfg = Debug|Any CPU
		{8C96EEEA-4C69-4E7C-AB46-5E5DCE914BB3}.Debug|Any CPU.Build.0 = Debug|Any CPU
		{8C96EEEA-4C69-4E7C-AB46-5E5DCE914BB3}.Release|Any CPU.ActiveCfg = Release|Any CPU
		{8C96EEEA-4C69-4E7C-AB46-5E5DCE914BB3}.Release|Any CPU.Build.0 = Release|Any CPU
		{330EA245-CA1C-487A-9AD4-2BB84382E182}.Debug|Any CPU.ActiveCfg = Debug|Any CPU
		{330EA245-CA1C-487A-9AD4-2BB84382E182}.Debug|Any CPU.Build.0 = Debug|Any CPU
		{330EA245-CA1C-487A-9AD4-2BB84382E182}.Release|Any CPU.ActiveCfg = Release|Any CPU
		{330EA245-CA1C-487A-9AD4-2BB84382E182}.Release|Any CPU.Build.0 = Release|Any CPU
		{BBA6FFA5-231C-481E-ADAC-84C843936479}.Debug|Any CPU.ActiveCfg = Debug|Any CPU
		{BBA6FFA5-231C-481E-ADAC-84C843936479}.Debug|Any CPU.Build.0 = Debug|Any CPU
		{BBA6FFA5-231C-481E-ADAC-84C843936479}.Release|Any CPU.ActiveCfg = Release|Any CPU
		{BBA6FFA5-231C-481E-ADAC-84C843936479}.Release|Any CPU.Build.0 = Release|Any CPU
		{7B0BCB26-EDAB-429F-9FBE-DCC994C3819E}.Debug|Any CPU.ActiveCfg = Debug|Any CPU
		{7B0BCB26-EDAB-429F-9FBE-DCC994C3819E}.Debug|Any CPU.Build.0 = Debug|Any CPU
		{7B0BCB26-EDAB-429F-9FBE-DCC994C3819E}.Release|Any CPU.ActiveCfg = Release|Any CPU
		{7B0BCB26-EDAB-429F-9FBE-DCC994C3819E}.Release|Any CPU.Build.0 = Release|Any CPU
		{E4716856-4B51-4E53-95CF-9563AF104A5B}.Debug|Any CPU.ActiveCfg = Debug|Any CPU
		{E4716856-4B51-4E53-95CF-9563AF104A5B}.Debug|Any CPU.Build.0 = Debug|Any CPU
		{E4716856-4B51-4E53-95CF-9563AF104A5B}.Release|Any CPU.ActiveCfg = Release|Any CPU
		{E4716856-4B51-4E53-95CF-9563AF104A5B}.Release|Any CPU.Build.0 = Release|Any CPU
		{BC085CE7-3439-4697-9263-EDF0A68F3070}.Debug|Any CPU.ActiveCfg = Debug|Any CPU
		{BC085CE7-3439-4697-9263-EDF0A68F3070}.Debug|Any CPU.Build.0 = Debug|Any CPU
		{BC085CE7-3439-4697-9263-EDF0A68F3070}.Release|Any CPU.ActiveCfg = Release|Any CPU
		{BC085CE7-3439-4697-9263-EDF0A68F3070}.Release|Any CPU.Build.0 = Release|Any CPU
		{D00CD1BA-29A3-4301-A312-4D1C0CB8D3B4}.Debug|Any CPU.ActiveCfg = Debug|Any CPU
		{D00CD1BA-29A3-4301-A312-4D1C0CB8D3B4}.Debug|Any CPU.Build.0 = Debug|Any CPU
		{D00CD1BA-29A3-4301-A312-4D1C0CB8D3B4}.Release|Any CPU.ActiveCfg = Release|Any CPU
		{D00CD1BA-29A3-4301-A312-4D1C0CB8D3B4}.Release|Any CPU.Build.0 = Release|Any CPU
		{47F82600-DF12-4FBA-9870-7A50E511DD2A}.Debug|Any CPU.ActiveCfg = Debug|Any CPU
		{47F82600-DF12-4FBA-9870-7A50E511DD2A}.Debug|Any CPU.Build.0 = Debug|Any CPU
		{47F82600-DF12-4FBA-9870-7A50E511DD2A}.Release|Any CPU.ActiveCfg = Release|Any CPU
		{47F82600-DF12-4FBA-9870-7A50E511DD2A}.Release|Any CPU.Build.0 = Release|Any CPU
		{54D785C6-2754-47B9-A5D3-C105E3A265E8}.Debug|Any CPU.ActiveCfg = Debug|Any CPU
		{54D785C6-2754-47B9-A5D3-C105E3A265E8}.Debug|Any CPU.Build.0 = Debug|Any CPU
		{54D785C6-2754-47B9-A5D3-C105E3A265E8}.Release|Any CPU.ActiveCfg = Release|Any CPU
		{54D785C6-2754-47B9-A5D3-C105E3A265E8}.Release|Any CPU.Build.0 = Release|Any CPU
		{12E69854-3EB9-4E3E-8EEA-E26473495C92}.Debug|Any CPU.ActiveCfg = Debug|Any CPU
		{12E69854-3EB9-4E3E-8EEA-E26473495C92}.Debug|Any CPU.Build.0 = Debug|Any CPU
		{12E69854-3EB9-4E3E-8EEA-E26473495C92}.Release|Any CPU.ActiveCfg = Release|Any CPU
		{12E69854-3EB9-4E3E-8EEA-E26473495C92}.Release|Any CPU.Build.0 = Release|Any CPU
		{871A7143-490A-490F-A789-A8BFCCF182AA}.Debug|Any CPU.ActiveCfg = Debug|Any CPU
		{871A7143-490A-490F-A789-A8BFCCF182AA}.Debug|Any CPU.Build.0 = Debug|Any CPU
		{871A7143-490A-490F-A789-A8BFCCF182AA}.Release|Any CPU.ActiveCfg = Release|Any CPU
		{871A7143-490A-490F-A789-A8BFCCF182AA}.Release|Any CPU.Build.0 = Release|Any CPU
		{1AA5E5BE-AA8C-4748-9E83-9FF5B21ABDE5}.Debug|Any CPU.ActiveCfg = Debug|Any CPU
		{1AA5E5BE-AA8C-4748-9E83-9FF5B21ABDE5}.Debug|Any CPU.Build.0 = Debug|Any CPU
		{1AA5E5BE-AA8C-4748-9E83-9FF5B21ABDE5}.Release|Any CPU.ActiveCfg = Release|Any CPU
		{1AA5E5BE-AA8C-4748-9E83-9FF5B21ABDE5}.Release|Any CPU.Build.0 = Release|Any CPU
		{204CE8C3-C209-4486-BFC4-8C6766C16FE9}.Debug|Any CPU.ActiveCfg = Debug|Any CPU
		{204CE8C3-C209-4486-BFC4-8C6766C16FE9}.Debug|Any CPU.Build.0 = Debug|Any CPU
		{204CE8C3-C209-4486-BFC4-8C6766C16FE9}.Release|Any CPU.ActiveCfg = Release|Any CPU
		{204CE8C3-C209-4486-BFC4-8C6766C16FE9}.Release|Any CPU.Build.0 = Release|Any CPU
		{4346D7A1-8B68-4A4B-AA5B-62E67B9BE364}.Debug|Any CPU.ActiveCfg = Debug|Any CPU
		{4346D7A1-8B68-4A4B-AA5B-62E67B9BE364}.Debug|Any CPU.Build.0 = Debug|Any CPU
		{4346D7A1-8B68-4A4B-AA5B-62E67B9BE364}.Release|Any CPU.ActiveCfg = Release|Any CPU
		{4346D7A1-8B68-4A4B-AA5B-62E67B9BE364}.Release|Any CPU.Build.0 = Release|Any CPU
		{B7CD9B9D-795F-4961-A172-4AC83FFEEBD7}.Debug|Any CPU.ActiveCfg = Debug|Any CPU
		{B7CD9B9D-795F-4961-A172-4AC83FFEEBD7}.Debug|Any CPU.Build.0 = Debug|Any CPU
		{B7CD9B9D-795F-4961-A172-4AC83FFEEBD7}.Release|Any CPU.ActiveCfg = Release|Any CPU
		{B7CD9B9D-795F-4961-A172-4AC83FFEEBD7}.Release|Any CPU.Build.0 = Release|Any CPU
		{E0868AE4-5B38-46D8-BA0C-5A4E6FFD30DB}.Debug|Any CPU.ActiveCfg = Debug|Any CPU
		{E0868AE4-5B38-46D8-BA0C-5A4E6FFD30DB}.Debug|Any CPU.Build.0 = Debug|Any CPU
		{E0868AE4-5B38-46D8-BA0C-5A4E6FFD30DB}.Release|Any CPU.ActiveCfg = Release|Any CPU
		{E0868AE4-5B38-46D8-BA0C-5A4E6FFD30DB}.Release|Any CPU.Build.0 = Release|Any CPU
	EndGlobalSection
	GlobalSection(SolutionProperties) = preSolution
		HideSolutionNode = FALSE
	EndGlobalSection
	GlobalSection(NestedProjects) = preSolution
		{330EA245-CA1C-487A-9AD4-2BB84382E182} = {3DAFFAED-98F3-4DCD-A515-34422F31DA66}
		{BBA6FFA5-231C-481E-ADAC-84C843936479} = {3DAFFAED-98F3-4DCD-A515-34422F31DA66}
		{7B0BCB26-EDAB-429F-9FBE-DCC994C3819E} = {3DAFFAED-98F3-4DCD-A515-34422F31DA66}
		{E4716856-4B51-4E53-95CF-9563AF104A5B} = {4E3CC90D-A59F-4675-9A2D-371319C679F2}
		{BC085CE7-3439-4697-9263-EDF0A68F3070} = {4E3CC90D-A59F-4675-9A2D-371319C679F2}
		{D00CD1BA-29A3-4301-A312-4D1C0CB8D3B4} = {4E3CC90D-A59F-4675-9A2D-371319C679F2}
		{47F82600-DF12-4FBA-9870-7A50E511DD2A} = {93C37FB7-97FC-4248-8E24-13C380BFF2AC}
		{54D785C6-2754-47B9-A5D3-C105E3A265E8} = {93C37FB7-97FC-4248-8E24-13C380BFF2AC}
		{12E69854-3EB9-4E3E-8EEA-E26473495C92} = {93C37FB7-97FC-4248-8E24-13C380BFF2AC}
		{871A7143-490A-490F-A789-A8BFCCF182AA} = {097310EA-D31D-4740-AB33-9B1936B894E6}
		{1AA5E5BE-AA8C-4748-9E83-9FF5B21ABDE5} = {097310EA-D31D-4740-AB33-9B1936B894E6}
		{204CE8C3-C209-4486-BFC4-8C6766C16FE9} = {097310EA-D31D-4740-AB33-9B1936B894E6}
		{4346D7A1-8B68-4A4B-AA5B-62E67B9BE364} = {0D1B47BF-9102-4D65-8946-7E76A156C7AE}
		{B7CD9B9D-795F-4961-A172-4AC83FFEEBD7} = {0D1B47BF-9102-4D65-8946-7E76A156C7AE}
		{E0868AE4-5B38-46D8-BA0C-5A4E6FFD30DB} = {0D1B47BF-9102-4D65-8946-7E76A156C7AE}
	EndGlobalSection
	GlobalSection(ExtensibilityGlobals) = postSolution
		SolutionGuid = {035B4C61-C912-431E-8179-9393ED95B7CE}
	EndGlobalSection
EndGlobal
